
Microsoft Visual Studio Solution File, Format Version 12.00
# Visual Studio Version 16
VisualStudioVersion = 16.0.29424.173
MinimumVisualStudioVersion = 10.0.40219.1
Project("{FAE04EC0-301F-11D3-BF4B-00C04F79EFBC}") = "Kalkulacka", "Kalkulacka.csproj", "{3EF3F77B-7747-4980-B1BA-2AAF6AB0371A}"
EndProject
Project("{9A19103F-16F7-4668-BE54-9A1E7A4F7556}") = "MathTest", "..\MathTest\MathTest.csproj", "{063B47EF-94F9-4319-9E01-5A5E75751D54}"
EndProject
Project("{FAE04EC0-301F-11D3-BF4B-00C04F79EFBC}") = "Profiling", "..\Profiling\Profiling.csproj", "{A1E79CC3-CC43-432C-9543-DA72ABAE67F7}"
	ProjectSection(ProjectDependencies) = postProject
		{3EF3F77B-7747-4980-B1BA-2AAF6AB0371A} = {3EF3F77B-7747-4980-B1BA-2AAF6AB0371A}
	EndProjectSection
EndProject
Global
	GlobalSection(SolutionConfigurationPlatforms) = preSolution
		Debug|Any CPU = Debug|Any CPU
		Release|Any CPU = Release|Any CPU
	EndGlobalSection
	GlobalSection(ProjectConfigurationPlatforms) = postSolution
		{3EF3F77B-7747-4980-B1BA-2AAF6AB0371A}.Debug|Any CPU.ActiveCfg = Debug|Any CPU
		{3EF3F77B-7747-4980-B1BA-2AAF6AB0371A}.Debug|Any CPU.Build.0 = Debug|Any CPU
		{3EF3F77B-7747-4980-B1BA-2AAF6AB0371A}.Release|Any CPU.ActiveCfg = Release|Any CPU
		{3EF3F77B-7747-4980-B1BA-2AAF6AB0371A}.Release|Any CPU.Build.0 = Release|Any CPU
		{063B47EF-94F9-4319-9E01-5A5E75751D54}.Debug|Any CPU.ActiveCfg = Debug|Any CPU
		{063B47EF-94F9-4319-9E01-5A5E75751D54}.Debug|Any CPU.Build.0 = Debug|Any CPU
		{063B47EF-94F9-4319-9E01-5A5E75751D54}.Release|Any CPU.ActiveCfg = Release|Any CPU
		{063B47EF-94F9-4319-9E01-5A5E75751D54}.Release|Any CPU.Build.0 = Release|Any CPU
		{A1E79CC3-CC43-432C-9543-DA72ABAE67F7}.Debug|Any CPU.ActiveCfg = Debug|Any CPU
		{A1E79CC3-CC43-432C-9543-DA72ABAE67F7}.Debug|Any CPU.Build.0 = Debug|Any CPU
		{A1E79CC3-CC43-432C-9543-DA72ABAE67F7}.Release|Any CPU.ActiveCfg = Release|Any CPU
		{A1E79CC3-CC43-432C-9543-DA72ABAE67F7}.Release|Any CPU.Build.0 = Release|Any CPU
	EndGlobalSection
	GlobalSection(SolutionProperties) = preSolution
		HideSolutionNode = FALSE
	EndGlobalSection
	GlobalSection(ExtensibilityGlobals) = postSolution
		SolutionGuid = {6C9311D5-3934-4CB7-A706-AC55587342E0}
	EndGlobalSection
EndGlobal
