
Microsoft Visual Studio Solution File, Format Version 12.00
# Visual Studio Version 16
VisualStudioVersion = 16.0.29911.84
MinimumVisualStudioVersion = 10.0.40219.1
Project("{FAE04EC0-301F-11D3-BF4B-00C04F79EFBC}") = "Profiling", "Profiling.csproj", "{A1E79CC3-CC43-432C-9543-DA72ABAE67F7}"
EndProject
Global
	GlobalSection(SolutionConfigurationPlatforms) = preSolution
		Debug|Any CPU = Debug|Any CPU
		Release|Any CPU = Release|Any CPU
	EndGlobalSection
	GlobalSection(ProjectConfigurationPlatforms) = postSolution
		{A1E79CC3-CC43-432C-9543-DA72ABAE67F7}.Debug|Any CPU.ActiveCfg = Debug|Any CPU
		{A1E79CC3-CC43-432C-9543-DA72ABAE67F7}.Debug|Any CPU.Build.0 = Debug|Any CPU
		{A1E79CC3-CC43-432C-9543-DA72ABAE67F7}.Release|Any CPU.ActiveCfg = Release|Any CPU
		{A1E79CC3-CC43-432C-9543-DA72ABAE67F7}.Release|Any CPU.Build.0 = Release|Any CPU
	EndGlobalSection
	GlobalSection(SolutionProperties) = preSolution
		HideSolutionNode = FALSE
	EndGlobalSection
	GlobalSection(ExtensibilityGlobals) = postSolution
		SolutionGuid = {C190EB9B-EE05-4613-83D0-1A844B964ADA}
	EndGlobalSection
EndGlobal
